PODS:
  - HockeySDK-Source (4.1.3)
  - PuppyWatchdog (0.1.3):
    - HockeySDK-Source (~> 4.1)

DEPENDENCIES:
  - PuppyWatchdog (from `../`)

EXTERNAL SOURCES:
  PuppyWatchdog:
    :path: "../"

SPEC CHECKSUMS:
  HockeySDK-Source: 05f045d91770f3fef32bf150d049dca3b054d883
  PuppyWatchdog: 6160ea543e64a5710b14dca991950b23c137666c

PODFILE CHECKSUM: 3b854f800c58f00898ec73ad037ae6b273f24c38

COCOAPODS: 1.1.1
